
Microsoft Visual Studio Solution File, Format Version 12.00
# Visual Studio Version 16
VisualStudioVersion = 16.0.29613.14
MinimumVisualStudioVersion = 10.0.40219.1
Project("{9A19103F-16F7-4668-BE54-9A1E7A4F7556}") = "TesTrun", "TesTrun\TesTrun.csproj", "{EA43A596-BB63-4F04-AC79-714E82686AEF}"
EndProject
Project("{9A19103F-16F7-4668-BE54-9A1E7A4F7556}") = "SantasToolbox", "SantasToolbox\SantasToolbox.csproj", "{59772440-A022-43D5-914A-C1CDC96FA3C2}"
EndProject
Project("{9A19103F-16F7-4668-BE54-9A1E7A4F7556}") = "SantasToolBoxTests", "SantasToolBoxTests\SantasToolBoxTests.csproj", "{6C281854-03DB-4655-8078-F19B3D0E1677}"
EndProject
Project("{9A19103F-16F7-4668-BE54-9A1E7A4F7556}") = "Day1_ExpenseReport", "Day1_ExpenseReport\Day1_ExpenseReport.csproj", "{D759FE4A-F3CF-4E5E-9AEE-B09C025D14FA}"
EndProject
Project("{9A19103F-16F7-4668-BE54-9A1E7A4F7556}") = "Day2_PasswordPolicy", "Day2_PasswordPolicy\Day2_PasswordPolicy.csproj", "{A27788E0-4BA2-4548-B941-9C90B474461B}"
EndProject
Project("{9A19103F-16F7-4668-BE54-9A1E7A4F7556}") = "Day3_Trajectory", "Day3_Trajectory\Day3_Trajectory.csproj", "{1FE822CD-A37D-4983-9C1D-5CA3CA8021D9}"
EndProject
Project("{9A19103F-16F7-4668-BE54-9A1E7A4F7556}") = "Day4_Passports", "Day4_Passports\Day4_Passports.csproj", "{9CD1AFDB-FEBA-458A-9542-264187874BC5}"
EndProject
Project("{9A19103F-16F7-4668-BE54-9A1E7A4F7556}") = "Day5_SeatId", "Day5_SeatId\Day5_SeatId.csproj", "{F205F6C4-AF27-49C8-974C-44C4BD77BBE4}"
EndProject
Project("{9A19103F-16F7-4668-BE54-9A1E7A4F7556}") = "Day6_Groups", "Day6_Groups\Day6_Groups.csproj", "{91455333-4A67-427F-BC39-74765DAEF6B2}"
EndProject
Project("{9A19103F-16F7-4668-BE54-9A1E7A4F7556}") = "Day7_Bags", "Day7_Bags\Day7_Bags.csproj", "{BC894283-FDB5-4089-ABCD-9F906D6007FE}"
EndProject
Project("{9A19103F-16F7-4668-BE54-9A1E7A4F7556}") = "Day8_InstructionLoop", "Day8_InstructionLoop\Day8_InstructionLoop.csproj", "{66CCB0FE-20DD-4727-A194-9CA2341B1BC4}"
EndProject
Project("{9A19103F-16F7-4668-BE54-9A1E7A4F7556}") = "Day9_Sublists", "Day9_Sublists\Day9_Sublists.csproj", "{4B7878E4-2DE9-4DAF-92A3-6E09A4D83047}"
EndProject
Project("{9A19103F-16F7-4668-BE54-9A1E7A4F7556}") = "Day10_Adapters", "Day10_Adapters\Day10_Adapters.csproj", "{FAA810BB-08D2-445C-995D-B017C5F1E900}"
EndProject
Project("{9A19103F-16F7-4668-BE54-9A1E7A4F7556}") = "Day11_GameOfThrones", "Day11_GameOfThrones\Day11_GameOfThrones.csproj", "{54C09E3F-7FEE-41E8-A2DB-29797E999449}"
EndProject
Project("{9A19103F-16F7-4668-BE54-9A1E7A4F7556}") = "Day12_Ship", "Day12_Ship\Day12_Ship.csproj", "{75585E6B-2331-4E71-9209-11D6AC0EEA7A}"
EndProject
Project("{9A19103F-16F7-4668-BE54-9A1E7A4F7556}") = "Day13_Departures", "Day13_Departures\Day13_Departures.csproj", "{81E576FD-9E24-4C12-AB46-F02299EDA342}"
EndProject
Global
	GlobalSection(SolutionConfigurationPlatforms) = preSolution
		Debug|Any CPU = Debug|Any CPU
		Release|Any CPU = Release|Any CPU
	EndGlobalSection
	GlobalSection(ProjectConfigurationPlatforms) = postSolution
		{EA43A596-BB63-4F04-AC79-714E82686AEF}.Debug|Any CPU.ActiveCfg = Debug|Any CPU
		{EA43A596-BB63-4F04-AC79-714E82686AEF}.Debug|Any CPU.Build.0 = Debug|Any CPU
		{EA43A596-BB63-4F04-AC79-714E82686AEF}.Release|Any CPU.ActiveCfg = Release|Any CPU
		{EA43A596-BB63-4F04-AC79-714E82686AEF}.Release|Any CPU.Build.0 = Release|Any CPU
		{59772440-A022-43D5-914A-C1CDC96FA3C2}.Debug|Any CPU.ActiveCfg = Debug|Any CPU
		{59772440-A022-43D5-914A-C1CDC96FA3C2}.Debug|Any CPU.Build.0 = Debug|Any CPU
		{59772440-A022-43D5-914A-C1CDC96FA3C2}.Release|Any CPU.ActiveCfg = Release|Any CPU
		{59772440-A022-43D5-914A-C1CDC96FA3C2}.Release|Any CPU.Build.0 = Release|Any CPU
		{6C281854-03DB-4655-8078-F19B3D0E1677}.Debug|Any CPU.ActiveCfg = Debug|Any CPU
		{6C281854-03DB-4655-8078-F19B3D0E1677}.Debug|Any CPU.Build.0 = Debug|Any CPU
		{6C281854-03DB-4655-8078-F19B3D0E1677}.Release|Any CPU.ActiveCfg = Release|Any CPU
		{6C281854-03DB-4655-8078-F19B3D0E1677}.Release|Any CPU.Build.0 = Release|Any CPU
		{D759FE4A-F3CF-4E5E-9AEE-B09C025D14FA}.Debug|Any CPU.ActiveCfg = Debug|Any CPU
		{D759FE4A-F3CF-4E5E-9AEE-B09C025D14FA}.Debug|Any CPU.Build.0 = Debug|Any CPU
		{D759FE4A-F3CF-4E5E-9AEE-B09C025D14FA}.Release|Any CPU.ActiveCfg = Release|Any CPU
		{D759FE4A-F3CF-4E5E-9AEE-B09C025D14FA}.Release|Any CPU.Build.0 = Release|Any CPU
		{A27788E0-4BA2-4548-B941-9C90B474461B}.Debug|Any CPU.ActiveCfg = Debug|Any CPU
		{A27788E0-4BA2-4548-B941-9C90B474461B}.Debug|Any CPU.Build.0 = Debug|Any CPU
		{A27788E0-4BA2-4548-B941-9C90B474461B}.Release|Any CPU.ActiveCfg = Release|Any CPU
		{A27788E0-4BA2-4548-B941-9C90B474461B}.Release|Any CPU.Build.0 = Release|Any CPU
		{1FE822CD-A37D-4983-9C1D-5CA3CA8021D9}.Debug|Any CPU.ActiveCfg = Debug|Any CPU
		{1FE822CD-A37D-4983-9C1D-5CA3CA8021D9}.Debug|Any CPU.Build.0 = Debug|Any CPU
		{1FE822CD-A37D-4983-9C1D-5CA3CA8021D9}.Release|Any CPU.ActiveCfg = Release|Any CPU
		{1FE822CD-A37D-4983-9C1D-5CA3CA8021D9}.Release|Any CPU.Build.0 = Release|Any CPU
		{9CD1AFDB-FEBA-458A-9542-264187874BC5}.Debug|Any CPU.ActiveCfg = Debug|Any CPU
		{9CD1AFDB-FEBA-458A-9542-264187874BC5}.Debug|Any CPU.Build.0 = Debug|Any CPU
		{9CD1AFDB-FEBA-458A-9542-264187874BC5}.Release|Any CPU.ActiveCfg = Release|Any CPU
		{9CD1AFDB-FEBA-458A-9542-264187874BC5}.Release|Any CPU.Build.0 = Release|Any CPU
		{F205F6C4-AF27-49C8-974C-44C4BD77BBE4}.Debug|Any CPU.ActiveCfg = Debug|Any CPU
		{F205F6C4-AF27-49C8-974C-44C4BD77BBE4}.Debug|Any CPU.Build.0 = Debug|Any CPU
		{F205F6C4-AF27-49C8-974C-44C4BD77BBE4}.Release|Any CPU.ActiveCfg = Release|Any CPU
		{F205F6C4-AF27-49C8-974C-44C4BD77BBE4}.Release|Any CPU.Build.0 = Release|Any CPU
		{91455333-4A67-427F-BC39-74765DAEF6B2}.Debug|Any CPU.ActiveCfg = Debug|Any CPU
		{91455333-4A67-427F-BC39-74765DAEF6B2}.Debug|Any CPU.Build.0 = Debug|Any CPU
		{91455333-4A67-427F-BC39-74765DAEF6B2}.Release|Any CPU.ActiveCfg = Release|Any CPU
		{91455333-4A67-427F-BC39-74765DAEF6B2}.Release|Any CPU.Build.0 = Release|Any CPU
		{BC894283-FDB5-4089-ABCD-9F906D6007FE}.Debug|Any CPU.ActiveCfg = Debug|Any CPU
		{BC894283-FDB5-4089-ABCD-9F906D6007FE}.Debug|Any CPU.Build.0 = Debug|Any CPU
		{BC894283-FDB5-4089-ABCD-9F906D6007FE}.Release|Any CPU.ActiveCfg = Release|Any CPU
		{BC894283-FDB5-4089-ABCD-9F906D6007FE}.Release|Any CPU.Build.0 = Release|Any CPU
		{66CCB0FE-20DD-4727-A194-9CA2341B1BC4}.Debug|Any CPU.ActiveCfg = Debug|Any CPU
		{66CCB0FE-20DD-4727-A194-9CA2341B1BC4}.Debug|Any CPU.Build.0 = Debug|Any CPU
		{66CCB0FE-20DD-4727-A194-9CA2341B1BC4}.Release|Any CPU.ActiveCfg = Release|Any CPU
		{66CCB0FE-20DD-4727-A194-9CA2341B1BC4}.Release|Any CPU.Build.0 = Release|Any CPU
		{4B7878E4-2DE9-4DAF-92A3-6E09A4D83047}.Debug|Any CPU.ActiveCfg = Debug|Any CPU
		{4B7878E4-2DE9-4DAF-92A3-6E09A4D83047}.Debug|Any CPU.Build.0 = Debug|Any CPU
		{4B7878E4-2DE9-4DAF-92A3-6E09A4D83047}.Release|Any CPU.ActiveCfg = Release|Any CPU
		{4B7878E4-2DE9-4DAF-92A3-6E09A4D83047}.Release|Any CPU.Build.0 = Release|Any CPU
		{FAA810BB-08D2-445C-995D-B017C5F1E900}.Debug|Any CPU.ActiveCfg = Debug|Any CPU
		{FAA810BB-08D2-445C-995D-B017C5F1E900}.Debug|Any CPU.Build.0 = Debug|Any CPU
		{FAA810BB-08D2-445C-995D-B017C5F1E900}.Release|Any CPU.ActiveCfg = Release|Any CPU
		{FAA810BB-08D2-445C-995D-B017C5F1E900}.Release|Any CPU.Build.0 = Release|Any CPU
		{54C09E3F-7FEE-41E8-A2DB-29797E999449}.Debug|Any CPU.ActiveCfg = Debug|Any CPU
		{54C09E3F-7FEE-41E8-A2DB-29797E999449}.Debug|Any CPU.Build.0 = Debug|Any CPU
		{54C09E3F-7FEE-41E8-A2DB-29797E999449}.Release|Any CPU.ActiveCfg = Release|Any CPU
		{54C09E3F-7FEE-41E8-A2DB-29797E999449}.Release|Any CPU.Build.0 = Release|Any CPU
		{75585E6B-2331-4E71-9209-11D6AC0EEA7A}.Debug|Any CPU.ActiveCfg = Debug|Any CPU
		{75585E6B-2331-4E71-9209-11D6AC0EEA7A}.Debug|Any CPU.Build.0 = Debug|Any CPU
		{75585E6B-2331-4E71-9209-11D6AC0EEA7A}.Release|Any CPU.ActiveCfg = Release|Any CPU
		{75585E6B-2331-4E71-9209-11D6AC0EEA7A}.Release|Any CPU.Build.0 = Release|Any CPU
		{81E576FD-9E24-4C12-AB46-F02299EDA342}.Debug|Any CPU.ActiveCfg = Debug|Any CPU
		{81E576FD-9E24-4C12-AB46-F02299EDA342}.Debug|Any CPU.Build.0 = Debug|Any CPU
		{81E576FD-9E24-4C12-AB46-F02299EDA342}.Release|Any CPU.ActiveCfg = Release|Any CPU
		{81E576FD-9E24-4C12-AB46-F02299EDA342}.Release|Any CPU.Build.0 = Release|Any CPU
	EndGlobalSection
	GlobalSection(SolutionProperties) = preSolution
		HideSolutionNode = FALSE
	EndGlobalSection
	GlobalSection(ExtensibilityGlobals) = postSolution
		SolutionGuid = {4006CEFD-FD7A-4225-A3F3-D7F386D61E9A}
	EndGlobalSection
EndGlobal
